// !$*UTF8*$!
{
	archiveVersion = 1;
	classes = {
	};
	objectVersion = 56;
	objects = {

/* Begin PBXBuildFile section */
		573F48EF2A40204200C0B63D /* AppDelegate.swift in Sources */ = {isa = PBXBuildFile; fileRef = 573F48EE2A40204200C0B63D /* AppDelegate.swift */; };
		573F48F12A40204200C0B63D /* SceneDelegate.swift in Sources */ = {isa = PBXBuildFile; fileRef = 573F48F02A40204200C0B63D /* SceneDelegate.swift */; };
		573F48F92A40204200C0B63D /* RouteTestTask.xcdatamodeld in Sources */ = {isa = PBXBuildFile; fileRef = 573F48F72A40204200C0B63D /* RouteTestTask.xcdatamodeld */; };
		573F48FB2A40204400C0B63D /* Assets.xcassets in Resources */ = {isa = PBXBuildFile; fileRef = 573F48FA2A40204400C0B63D /* Assets.xcassets */; };
		573F48FE2A40204400C0B63D /* LaunchScreen.storyboard in Resources */ = {isa = PBXBuildFile; fileRef = 573F48FC2A40204400C0B63D /* LaunchScreen.storyboard */; };
		573F49062A40225E00C0B63D /* RouteViewController.swift in Sources */ = {isa = PBXBuildFile; fileRef = 573F49052A40225E00C0B63D /* RouteViewController.swift */; };
		573F49082A402C2A00C0B63D /* AlertController.swift in Sources */ = {isa = PBXBuildFile; fileRef = 573F49072A402C2A00C0B63D /* AlertController.swift */; };
		DE1D68E3FC8B8EE9E3349C0A /* Pods_RouteTestTask.framework in Frameworks */ = {isa = PBXBuildFile; fileRef = 66F198A99B85BE492138B15C /* Pods_RouteTestTask.framework */; };
/* End PBXBuildFile section */

/* Begin PBXFileReference section */
		46962E837322AC2D4C1ADCAC /* Pods-RouteTestTask.release.xcconfig */ = {isa = PBXFileReference; includeInIndex = 1; lastKnownFileType = text.xcconfig; name = "Pods-RouteTestTask.release.xcconfig"; path = "Target Support Files/Pods-RouteTestTask/Pods-RouteTestTask.release.xcconfig"; sourceTree = "<group>"; };
		573F48EB2A40204200C0B63D /* RouteTestTask.app */ = {isa = PBXFileReference; explicitFileType = wrapper.application; includeInIndex = 0; path = RouteTestTask.app; sourceTree = BUILT_PRODUCTS_DIR; };
		573F48EE2A40204200C0B63D /* AppDelegate.swift */ = {isa = PBXFileReference; lastKnownFileType = sourcecode.swift; path = AppDelegate.swift; sourceTree = "<group>"; };
		573F48F02A40204200C0B63D /* SceneDelegate.swift */ = {isa = PBXFileReference; lastKnownFileType = sourcecode.swift; path = SceneDelegate.swift; sourceTree = "<group>"; };
		573F48F82A40204200C0B63D /* RouteTestTask.xcdatamodel */ = {isa = PBXFileReference; lastKnownFileType = wrapper.xcdatamodel; path = RouteTestTask.xcdatamodel; sourceTree = "<group>"; };
		573F48FA2A40204400C0B63D /* Assets.xcassets */ = {isa = PBXFileReference; lastKnownFileType = folder.assetcatalog; path = Assets.xcassets; sourceTree = "<group>"; };
		573F48FD2A40204400C0B63D /* Base */ = {isa = PBXFileReference; lastKnownFileType = file.storyboard; name = Base; path = Base.lproj/LaunchScreen.storyboard; sourceTree = "<group>"; };
		573F48FF2A40204400C0B63D /* Info.plist */ = {isa = PBXFileReference; lastKnownFileType = text.plist.xml; path = Info.plist; sourceTree = "<group>"; };
		573F49052A40225E00C0B63D /* RouteViewController.swift */ = {isa = PBXFileReference; lastKnownFileType = sourcecode.swift; path = RouteViewController.swift; sourceTree = "<group>"; };
		573F49072A402C2A00C0B63D /* AlertController.swift */ = {isa = PBXFileReference; lastKnownFileType = sourcecode.swift; path = AlertController.swift; sourceTree = "<group>"; };
		66F198A99B85BE492138B15C /* Pods_RouteTestTask.framework */ = {isa = PBXFileReference; explicitFileType = wrapper.framework; includeInIndex = 0; path = Pods_RouteTestTask.framework; sourceTree = BUILT_PRODUCTS_DIR; };
		C1A254712087F4C371597850 /* Pods-RouteTestTask.debug.xcconfig */ = {isa = PBXFileReference; includeInIndex = 1; lastKnownFileType = text.xcconfig; name = "Pods-RouteTestTask.debug.xcconfig"; path = "Target Support Files/Pods-RouteTestTask/Pods-RouteTestTask.debug.xcconfig"; sourceTree = "<group>"; };
/* End PBXFileReference section */

/* Begin PBXFrameworksBuildPhase section */
		573F48E82A40204200C0B63D /* Frameworks */ = {
			isa = PBXFrameworksBuildPhase;
			buildActionMask = 2147483647;
			files = (
				DE1D68E3FC8B8EE9E3349C0A /* Pods_RouteTestTask.framework in Frameworks */,
			);
			runOnlyForDeploymentPostprocessing = 0;
		};
/* End PBXFrameworksBuildPhase section */

/* Begin PBXGroup section */
		033EBF85E6D72EFA3C8F6F9F /* Frameworks */ = {
			isa = PBXGroup;
			children = (
				66F198A99B85BE492138B15C /* Pods_RouteTestTask.framework */,
			);
			name = Frameworks;
			sourceTree = "<group>";
		};
		573F48E22A40204200C0B63D = {
			isa = PBXGroup;
			children = (
				573F48ED2A40204200C0B63D /* RouteTestTask */,
				573F48EC2A40204200C0B63D /* Products */,
				D5D9F32CA6676A65B36A4B7B /* Pods */,
				033EBF85E6D72EFA3C8F6F9F /* Frameworks */,
			);
			sourceTree = "<group>";
		};
		573F48EC2A40204200C0B63D /* Products */ = {
			isa = PBXGroup;
			children = (
				573F48EB2A40204200C0B63D /* RouteTestTask.app */,
			);
			name = Products;
			sourceTree = "<group>";
		};
		573F48ED2A40204200C0B63D /* RouteTestTask */ = {
			isa = PBXGroup;
			children = (
				573F48EE2A40204200C0B63D /* AppDelegate.swift */,
				573F48F02A40204200C0B63D /* SceneDelegate.swift */,
				573F49052A40225E00C0B63D /* RouteViewController.swift */,
				573F49072A402C2A00C0B63D /* AlertController.swift */,
				573F48FA2A40204400C0B63D /* Assets.xcassets */,
				573F48FC2A40204400C0B63D /* LaunchScreen.storyboard */,
				573F48FF2A40204400C0B63D /* Info.plist */,
				573F48F72A40204200C0B63D /* RouteTestTask.xcdatamodeld */,
			);
			path = RouteTestTask;
			sourceTree = "<group>";
		};
		D5D9F32CA6676A65B36A4B7B /* Pods */ = {
			isa = PBXGroup;
			children = (
				C1A254712087F4C371597850 /* Pods-RouteTestTask.debug.xcconfig */,
				46962E837322AC2D4C1ADCAC /* Pods-RouteTestTask.release.xcconfig */,
			);
			path = Pods;
			sourceTree = "<group>";
		};
/* End PBXGroup section */

/* Begin PBXNativeTarget section */
		573F48EA2A40204200C0B63D /* RouteTestTask */ = {
			isa = PBXNativeTarget;
			buildConfigurationList = 573F49022A40204400C0B63D /* Build configuration list for PBXNativeTarget "RouteTestTask" */;
			buildPhases = (
				86B25D6EF9FFD3C03640FAE0 /* [CP] Check Pods Manifest.lock */,
				573F48E72A40204200C0B63D /* Sources */,
				573F48E82A40204200C0B63D /* Frameworks */,
				573F48E92A40204200C0B63D /* Resources */,
				DDF4F8AD0AE1B1298F5A8431 /* [CP] Embed Pods Frameworks */,
			);
			buildRules = (
			);
			dependencies = (
			);
			name = RouteTestTask;
			productName = RouteTestTask;
			productReference = 573F48EB2A40204200C0B63D /* RouteTestTask.app */;
			productType = "com.apple.product-type.application";
		};
/* End PBXNativeTarget section */

/* Begin PBXProject section */
		573F48E32A40204200C0B63D /* Project object */ = {
			isa = PBXProject;
			attributes = {
				BuildIndependentTargetsInParallel = 1;
				LastSwiftUpdateCheck = 1410;
				LastUpgradeCheck = 1410;
				TargetAttributes = {
					573F48EA2A40204200C0B63D = {
						CreatedOnToolsVersion = 14.1;
					};
				};
			};
			buildConfigurationList = 573F48E62A40204200C0B63D /* Build configuration list for PBXProject "RouteTestTask" */;
			compatibilityVersion = "Xcode 14.0";
			developmentRegion = en;
			hasScannedForEncodings = 0;
			knownRegions = (
				en,
				Base,
			);
			mainGroup = 573F48E22A40204200C0B63D;
			productRefGroup = 573F48EC2A40204200C0B63D /* Products */;
			projectDirPath = "";
			projectRoot = "";
			targets = (
				573F48EA2A40204200C0B63D /* RouteTestTask */,
			);
		};
/* End PBXProject section */

/* Begin PBXResourcesBuildPhase section */
		573F48E92A40204200C0B63D /* Resources */ = {
			isa = PBXResourcesBuildPhase;
			buildActionMask = 2147483647;
			files = (
				573F48FE2A40204400C0B63D /* LaunchScreen.storyboard in Resources */,
				573F48FB2A40204400C0B63D /* Assets.xcassets in Resources */,
			);
			runOnlyForDeploymentPostprocessing = 0;
		};
/* End PBXResourcesBuildPhase section */

/* Begin PBXShellScriptBuildPhase section */
		86B25D6EF9FFD3C03640FAE0 /* [CP] Check Pods Manifest.lock */ = {
			isa = PBXShellScriptBuildPhase;
			buildActionMask = 2147483647;
			files = (
			);
			inputFileListPaths = (
			);
			inputPaths = (
				"${PODS_PODFILE_DIR_PATH}/Podfile.lock",
				"${PODS_ROOT}/Manifest.lock",
			);
			name = "[CP] Check Pods Manifest.lock";
			outputFileListPaths = (
			);
			outputPaths = (
				"$(DERIVED_FILE_DIR)/Pods-RouteTestTask-checkManifestLockResult.txt",
			);
			runOnlyForDeploymentPostprocessing = 0;
			shellPath = /bin/sh;
			shellScript = "diff \"${PODS_PODFILE_DIR_PATH}/Podfile.lock\" \"${PODS_ROOT}/Manifest.lock\" > /dev/null\nif [ $? != 0 ] ; then\n    # print error to STDERR\n    echo \"error: The sandbox is not in sync with the Podfile.lock. Run 'pod install' or update your CocoaPods installation.\" >&2\n    exit 1\nfi\n# This output is used by Xcode 'outputs' to avoid re-running this script phase.\necho \"SUCCESS\" > \"${SCRIPT_OUTPUT_FILE_0}\"\n";
			showEnvVarsInLog = 0;
		};
		DDF4F8AD0AE1B1298F5A8431 /* [CP] Embed Pods Frameworks */ = {
			isa = PBXShellScriptBuildPhase;
			buildActionMask = 2147483647;
			files = (
			);
			inputFileListPaths = (
				"${PODS_ROOT}/Target Support Files/Pods-RouteTestTask/Pods-RouteTestTask-frameworks-${CONFIGURATION}-input-files.xcfilelist",
			);
			name = "[CP] Embed Pods Frameworks";
			outputFileListPaths = (
				"${PODS_ROOT}/Target Support Files/Pods-RouteTestTask/Pods-RouteTestTask-frameworks-${CONFIGURATION}-output-files.xcfilelist",
			);
			runOnlyForDeploymentPostprocessing = 0;
			shellPath = /bin/sh;
			shellScript = "\"${PODS_ROOT}/Target Support Files/Pods-RouteTestTask/Pods-RouteTestTask-frameworks.sh\"\n";
			showEnvVarsInLog = 0;
		};
/* End PBXShellScriptBuildPhase section */

/* Begin PBXSourcesBuildPhase section */
		573F48E72A40204200C0B63D /* Sources */ = {
			isa = PBXSourcesBuildPhase;
			buildActionMask = 2147483647;
			files = (
				573F48F92A40204200C0B63D /* RouteTestTask.xcdatamodeld in Sources */,
				573F49082A402C2A00C0B63D /* AlertController.swift in Sources */,
				573F48EF2A40204200C0B63D /* AppDelegate.swift in Sources */,
				573F49062A40225E00C0B63D /* RouteViewController.swift in Sources */,
				573F48F12A40204200C0B63D /* SceneDelegate.swift in Sources */,
			);
			runOnlyForDeploymentPostprocessing = 0;
		};
/* End PBXSourcesBuildPhase section */

/* Begin PBXVariantGroup section */
		573F48FC2A40204400C0B63D /* LaunchScreen.storyboard */ = {
			isa = PBXVariantGroup;
			children = (
				573F48FD2A40204400C0B63D /* Base */,
			);
			name = LaunchScreen.storyboard;
			sourceTree = "<group>";
		};
/* End PBXVariantGroup section */

/* Begin XCBuildConfiguration section */
		573F49002A40204400C0B63D /* Debug */ = {
			isa = XCBuildConfiguration;
			buildSettings = {
				ALWAYS_SEARCH_USER_PATHS = NO;
				CLANG_ANALYZER_NONNULL = YES;
				CLANG_ANALYZER_NUMBER_OBJECT_CONVERSION = YES_AGGRESSIVE;
				CLANG_CXX_LANGUAGE_STANDARD = "gnu++20";
				CLANG_ENABLE_MODULES = YES;
				CLANG_ENABLE_OBJC_ARC = YES;
				CLANG_ENABLE_OBJC_WEAK = YES;
				CLANG_WARN_BLOCK_CAPTURE_AUTORELEASING = YES;
				CLANG_WARN_BOOL_CONVERSION = YES;
				CLANG_WARN_COMMA = YES;
				CLANG_WARN_CONSTANT_CONVERSION = YES;
				CLANG_WARN_DEPRECATED_OBJC_IMPLEMENTATIONS = YES;
				CLANG_WARN_DIRECT_OBJC_ISA_USAGE = YES_ERROR;
				CLANG_WARN_DOCUMENTATION_COMMENTS = YES;
				CLANG_WARN_EMPTY_BODY = YES;
				CLANG_WARN_ENUM_CONVERSION = YES;
				CLANG_WARN_INFINITE_RECURSION = YES;
				CLANG_WARN_INT_CONVERSION = YES;
				CLANG_WARN_NON_LITERAL_NULL_CONVERSION = YES;
				CLANG_WARN_OBJC_IMPLICIT_RETAIN_SELF = YES;
				CLANG_WARN_OBJC_LITERAL_CONVERSION = YES;
				CLANG_WARN_OBJC_ROOT_CLASS = YES_ERROR;
				CLANG_WARN_QUOTED_INCLUDE_IN_FRAMEWORK_HEADER = YES;
				CLANG_WARN_RANGE_LOOP_ANALYSIS = YES;
				CLANG_WARN_STRICT_PROTOTYPES = YES;
				CLANG_WARN_SUSPICIOUS_MOVE = YES;
				CLANG_WARN_UNGUARDED_AVAILABILITY = YES_AGGRESSIVE;
				CLANG_WARN_UNREACHABLE_CODE = YES;
				CLANG_WARN__DUPLICATE_METHOD_MATCH = YES;
				COPY_PHASE_STRIP = NO;
				DEBUG_INFORMATION_FORMAT = dwarf;
				ENABLE_STRICT_OBJC_MSGSEND = YES;
				ENABLE_TESTABILITY = YES;
				GCC_C_LANGUAGE_STANDARD = gnu11;
				GCC_DYNAMIC_NO_PIC = NO;
				GCC_NO_COMMON_BLOCKS = YES;
				GCC_OPTIMIZATION_LEVEL = 0;
				GCC_PREPROCESSOR_DEFINITIONS = (
					"DEBUG=1",
					"$(inherited)",
				);
				GCC_WARN_64_TO_32_BIT_CONVERSION = YES;
				GCC_WARN_ABOUT_RETURN_TYPE = YES_ERROR;
				GCC_WARN_UNDECLARED_SELECTOR = YES;
				GCC_WARN_UNINITIALIZED_AUTOS = YES_AGGRESSIVE;
				GCC_WARN_UNUSED_FUNCTION = YES;
				GCC_WARN_UNUSED_VARIABLE = YES;
				IPHONEOS_DEPLOYMENT_TARGET = 16.1;
				MTL_ENABLE_DEBUG_INFO = INCLUDE_SOURCE;
				MTL_FAST_MATH = YES;
				ONLY_ACTIVE_ARCH = YES;
				SDKROOT = iphoneos;
				SWIFT_ACTIVE_COMPILATION_CONDITIONS = DEBUG;
				SWIFT_OPTIMIZATION_LEVEL = "-Onone";
			};
			name = Debug;
		};
		573F49012A40204400C0B63D /* Release */ = {
			isa = XCBuildConfiguration;
			buildSettings = {
				ALWAYS_SEARCH_USER_PATHS = NO;
				CLANG_ANALYZER_NONNULL = YES;
				CLANG_ANALYZER_NUMBER_OBJECT_CONVERSION = YES_AGGRESSIVE;
				CLANG_CXX_LANGUAGE_STANDARD = "gnu++20";
				CLANG_ENABLE_MODULES = YES;
				CLANG_ENABLE_OBJC_ARC = YES;
				CLANG_ENABLE_OBJC_WEAK = YES;
				CLANG_WARN_BLOCK_CAPTURE_AUTORELEASING = YES;
				CLANG_WARN_BOOL_CONVERSION = YES;
				CLANG_WARN_COMMA = YES;
				CLANG_WARN_CONSTANT_CONVERSION = YES;
				CLANG_WARN_DEPRECATED_OBJC_IMPLEMENTATIONS = YES;
				CLANG_WARN_DIRECT_OBJC_ISA_USAGE = YES_ERROR;
				CLANG_WARN_DOCUMENTATION_COMMENTS = YES;
				CLANG_WARN_EMPTY_BODY = YES;
				CLANG_WARN_ENUM_CONVERSION = YES;
				CLANG_WARN_INFINITE_RECURSION = YES;
				CLANG_WARN_INT_CONVERSION = YES;
				CLANG_WARN_NON_LITERAL_NULL_CONVERSION = YES;
				CLANG_WARN_OBJC_IMPLICIT_RETAIN_SELF = YES;
				CLANG_WARN_OBJC_LITERAL_CONVERSION = YES;
				CLANG_WARN_OBJC_ROOT_CLASS = YES_ERROR;
				CLANG_WARN_QUOTED_INCLUDE_IN_FRAMEWORK_HEADER = YES;
				CLANG_WARN_RANGE_LOOP_ANALYSIS = YES;
				CLANG_WARN_STRICT_PROTOTYPES = YES;
				CLANG_WARN_SUSPICIOUS_MOVE = YES;
				CLANG_WARN_UNGUARDED_AVAILABILITY = YES_AGGRESSIVE;
				CLANG_WARN_UNREACHABLE_CODE = YES;
				CLANG_WARN__DUPLICATE_METHOD_MATCH = YES;
				COPY_PHASE_STRIP = NO;
				DEBUG_INFORMATION_FORMAT = "dwarf-with-dsym";
				ENABLE_NS_ASSERTIONS = NO;
				ENABLE_STRICT_OBJC_MSGSEND = YES;
				GCC_C_LANGUAGE_STANDARD = gnu11;
				GCC_NO_COMMON_BLOCKS = YES;
				GCC_WARN_64_TO_32_BIT_CONVERSION = YES;
				GCC_WARN_ABOUT_RETURN_TYPE = YES_ERROR;
				GCC_WARN_UNDECLARED_SELECTOR = YES;
				GCC_WARN_UNINITIALIZED_AUTOS = YES_AGGRESSIVE;
				GCC_WARN_UNUSED_FUNCTION = YES;
				GCC_WARN_UNUSED_VARIABLE = YES;
				IPHONEOS_DEPLOYMENT_TARGET = 16.1;
				MTL_ENABLE_DEBUG_INFO = NO;
				MTL_FAST_MATH = YES;
				SDKROOT = iphoneos;
				SWIFT_COMPILATION_MODE = wholemodule;
				SWIFT_OPTIMIZATION_LEVEL = "-O";
				VALIDATE_PRODUCT = YES;
			};
			name = Release;
		};
		573F49032A40204400C0B63D /* Debug */ = {
			isa = XCBuildConfiguration;
			baseConfigurationReference = C1A254712087F4C371597850 /* Pods-RouteTestTask.debug.xcconfig */;
			buildSettings = {
				ASSETCATALOG_COMPILER_APPICON_NAME = AppIcon;
				ASSETCATALOG_COMPILER_GLOBAL_ACCENT_COLOR_NAME = AccentColor;
				CODE_SIGN_STYLE = Automatic;
				CURRENT_PROJECT_VERSION = 1;
				GENERATE_INFOPLIST_FILE = YES;
				INFOPLIST_FILE = RouteTestTask/Info.plist;
				INFOPLIST_KEY_UIApplicationSupportsIndirectInputEvents = YES;
				INFOPLIST_KEY_UILaunchStoryboardName = LaunchScreen;
				INFOPLIST_KEY_UISupportedInterfaceOrientations_iPad = "UIInterfaceOrientationPortrait UIInterfaceOrientationPortraitUpsideDown UIInterfaceOrientationLandscapeLeft UIInterfaceOrientationLandscapeRight";
				INFOPLIST_KEY_UISupportedInterfaceOrientations_iPhone = "UIInterfaceOrientationPortrait UIInterfaceOrientationLandscapeLeft UIInterfaceOrientationLandscapeRight";
				LD_RUNPATH_SEARCH_PATHS = (
					"$(inherited)",
					"@executable_path/Frameworks",
				);
				MARKETING_VERSION = 1.0;
				PRODUCT_BUNDLE_IDENTIFIER = com.fazilkhanbakhtiyarov.RouteTestTask;
				PRODUCT_NAME = "$(TARGET_NAME)";
				SWIFT_EMIT_LOC_STRINGS = YES;
				SWIFT_VERSION = 5.0;
				TARGETED_DEVICE_FAMILY = "1,2";
			};
			name = Debug;
		};
		573F49042A40204400C0B63D /* Release */ = {
			isa = XCBuildConfiguration;
			baseConfigurationReference = 46962E837322AC2D4C1ADCAC /* Pods-RouteTestTask.release.xcconfig */;
			buildSettings = {
				ASSETCATALOG_COMPILER_APPICON_NAME = AppIcon;
				ASSETCATALOG_COMPILER_GLOBAL_ACCENT_COLOR_NAME = AccentColor;
				CODE_SIGN_STYLE = Automatic;
				CURRENT_PROJECT_VERSION = 1;
				GENERATE_INFOPLIST_FILE = YES;
				INFOPLIST_FILE = RouteTestTask/Info.plist;
				INFOPLIST_KEY_UIApplicationSupportsIndirectInputEvents = YES;
				INFOPLIST_KEY_UILaunchStoryboardName = LaunchScreen;
				INFOPLIST_KEY_UISupportedInterfaceOrientations_iPad = "UIInterfaceOrientationPortrait UIInterfaceOrientationPortraitUpsideDown UIInterfaceOrientationLandscapeLeft UIInterfaceOrientationLandscapeRight";
				INFOPLIST_KEY_UISupportedInterfaceOrientations_iPhone = "UIInterfaceOrientationPortrait UIInterfaceOrientationLandscapeLeft UIInterfaceOrientationLandscapeRight";
				LD_RUNPATH_SEARCH_PATHS = (
					"$(inherited)",
					"@executable_path/Frameworks",
				);
				MARKETING_VERSION = 1.0;
				PRODUCT_BUNDLE_IDENTIFIER = com.fazilkhanbakhtiyarov.RouteTestTask;
				PRODUCT_NAME = "$(TARGET_NAME)";
				SWIFT_EMIT_LOC_STRINGS = YES;
				SWIFT_VERSION = 5.0;
				TARGETED_DEVICE_FAMILY = "1,2";
			};
			name = Release;
		};
/* End XCBuildConfiguration section */

/* Begin XCConfigurationList section */
		573F48E62A40204200C0B63D /* Build configuration list for PBXProject "RouteTestTask" */ = {
			isa = XCConfigurationList;
			buildConfigurations = (
				573F49002A40204400C0B63D /* Debug */,
				573F49012A40204400C0B63D /* Release */,
			);
			defaultConfigurationIsVisible = 0;
			defaultConfigurationName = Release;
		};
		573F49022A40204400C0B63D /* Build configuration list for PBXNativeTarget "RouteTestTask" */ = {
			isa = XCConfigurationList;
			buildConfigurations = (
				573F49032A40204400C0B63D /* Debug */,
				573F49042A40204400C0B63D /* Release */,
			);
			defaultConfigurationIsVisible = 0;
			defaultConfigurationName = Release;
		};
/* End XCConfigurationList section */

/* Begin XCVersionGroup section */
		573F48F72A40204200C0B63D /* RouteTestTask.xcdatamodeld */ = {
			isa = XCVersionGroup;
			children = (
				573F48F82A40204200C0B63D /* RouteTestTask.xcdatamodel */,
			);
			currentVersion = 573F48F82A40204200C0B63D /* RouteTestTask.xcdatamodel */;
			path = RouteTestTask.xcdatamodeld;
			sourceTree = "<group>";
			versionGroupType = wrapper.xcdatamodel;
		};
/* End XCVersionGroup section */
	};
	rootObject = 573F48E32A40204200C0B63D /* Project object */;
}
